Microsoft Visual Studio Solution File, Format Version 12.00
# Visual Studio Version 17
VisualStudioVersion = 17.5.2.0
MinimumVisualStudioVersion = 10.0.40219.1
Project("{FAE04EC0-301F-11D3-BF4B-00C04F79EFBC}") = "backend-smart-flow-pj-back", "backend-smart-flow-pj-back.csproj", "{CA638C04-52A9-D381-EEEE-1FAAE7308F61}"
EndProject
Global
	GlobalSection(SolutionConfigurationPlatforms) = preSolution
		Debug|Any CPU = Debug|Any CPU
		Release|Any CPU = Release|Any CPU
	EndGlobalSection
	GlobalSection(ProjectConfigurationPlatforms) = postSolution
		{CA638C04-52A9-D381-EEEE-1FAAE7308F61}.Debug|Any CPU.ActiveCfg = Debug|Any CPU
		{CA638C04-52A9-D381-EEEE-1FAAE7308F61}.Debug|Any CPU.Build.0 = Debug|Any CPU
		{CA638C04-52A9-D381-EEEE-1FAAE7308F61}.Release|Any CPU.ActiveCfg = Release|Any CPU
		{CA638C04-52A9-D381-EEEE-1FAAE7308F61}.Release|Any CPU.Build.0 = Release|Any CPU
	EndGlobalSection
	GlobalSection(SolutionProperties) = preSolution
		HideSolutionNode = FALSE
	EndGlobalSection
	GlobalSection(ExtensibilityGlobals) = postSolution
		SolutionGuid = {CE65272C-F7B7-4079-97CF-11EA94E52CAB}
	EndGlobalSection
EndGlobal
